
Microsoft Visual Studio Solution File, Format Version 12.00
# Visual Studio Version 17
VisualStudioVersion = 17.14.37314.3 d17.14
MinimumVisualStudioVersion = 10.0.40219.1
Project("{FAE04EC0-301F-11D3-BF4B-00C04F79EFBC}") = "ForeachLimitationDemo", "ForeachLimitationDemo\ForeachLimitationDemo.csproj", "{2D802247-53CE-4D41-8BE0-CA81CB698BB0}"
EndProject
Global
	GlobalSection(SolutionConfigurationPlatforms) = preSolution
		Debug|Any CPU = Debug|Any CPU
		Release|Any CPU = Release|Any CPU
	EndGlobalSection
	GlobalSection(ProjectConfigurationPlatforms) = postSolution
		{2D802247-53CE-4D41-8BE0-CA81CB698BB0}.Debug|Any CPU.ActiveCfg = Debug|Any CPU
		{2D802247-53CE-4D41-8BE0-CA81CB698BB0}.Debug|Any CPU.Build.0 = Debug|Any CPU
		{2D802247-53CE-4D41-8BE0-CA81CB698BB0}.Release|Any CPU.ActiveCfg = Release|Any CPU
		{2D802247-53CE-4D41-8BE0-CA81CB698BB0}.Release|Any CPU.Build.0 = Release|Any CPU
	EndGlobalSection
	GlobalSection(SolutionProperties) = preSolution
		HideSolutionNode = FALSE
	EndGlobalSection
	GlobalSection(ExtensibilityGlobals) = postSolution
		SolutionGuid = {F194F8CC-C09E-4602-94C0-3029A075962E}
	EndGlobalSection
EndGlobal
