
Microsoft Visual Studio Solution File, Format Version 12.00
# Visual Studio Version 17
VisualStudioVersion = 17.14.37314.3 d17.14
MinimumVisualStudioVersion = 10.0.40219.1
Project("{FAE04EC0-301F-11D3-BF4B-00C04F79EFBC}") = "ArraysTrainingDemo", "ArraysTrainingDemo\ArraysTrainingDemo.csproj", "{B06379D1-0994-4352-8873-5699E01DA47D}"
EndProject
Global
	GlobalSection(SolutionConfigurationPlatforms) = preSolution
		Debug|Any CPU = Debug|Any CPU
		Release|Any CPU = Release|Any CPU
	EndGlobalSection
	GlobalSection(ProjectConfigurationPlatforms) = postSolution
		{B06379D1-0994-4352-8873-5699E01DA47D}.Debug|Any CPU.ActiveCfg = Debug|Any CPU
		{B06379D1-0994-4352-8873-5699E01DA47D}.Debug|Any CPU.Build.0 = Debug|Any CPU
		{B06379D1-0994-4352-8873-5699E01DA47D}.Release|Any CPU.ActiveCfg = Release|Any CPU
		{B06379D1-0994-4352-8873-5699E01DA47D}.Release|Any CPU.Build.0 = Release|Any CPU
	EndGlobalSection
	GlobalSection(SolutionProperties) = preSolution
		HideSolutionNode = FALSE
	EndGlobalSection
	GlobalSection(ExtensibilityGlobals) = postSolution
		SolutionGuid = {49F222F3-BCC0-49EB-BAF4-D2A624892CB0}
	EndGlobalSection
EndGlobal
